
Microsoft Visual Studio Solution File, Format Version 12.00
# Visual Studio Version 16
VisualStudioVersion = 16.0.31205.134
MinimumVisualStudioVersion = 10.0.40219.1
Project("{FAE04EC0-301F-11D3-BF4B-00C04F79EFBC}") = "Hudelsis_P1_AP2", "Hudelsis_P1_AP2\Hudelsis_P1_AP2.csproj", "{C74FEB23-539E-4706-BB01-6A89F3DAF34F}"
EndProject
Global
	GlobalSection(SolutionConfigurationPlatforms) = preSolution
		Debug|Any CPU = Debug|Any CPU
		Release|Any CPU = Release|Any CPU
	EndGlobalSection
	GlobalSection(ProjectConfigurationPlatforms) = postSolution
		{C74FEB23-539E-4706-BB01-6A89F3DAF34F}.Debug|Any CPU.ActiveCfg = Debug|Any CPU
		{C74FEB23-539E-4706-BB01-6A89F3DAF34F}.Debug|Any CPU.Build.0 = Debug|Any CPU
		{C74FEB23-539E-4706-BB01-6A89F3DAF34F}.Release|Any CPU.ActiveCfg = Release|Any CPU
		{C74FEB23-539E-4706-BB01-6A89F3DAF34F}.Release|Any CPU.Build.0 = Release|Any CPU
	EndGlobalSection
	GlobalSection(SolutionProperties) = preSolution
		HideSolutionNode = FALSE
	EndGlobalSection
	GlobalSection(ExtensibilityGlobals) = postSolution
		SolutionGuid = {7CA75ECD-5A69-47C3-AB74-ACEF94D8594C}
	EndGlobalSection
EndGlobal
